// !$*UTF8*$!
{
	archiveVersion = 1;
	classes = {
	};
	objectVersion = 55;
	objects = {

/* Begin PBXBuildFile section */
		12A3EDC5289158BD0091A5BB /* AppDelegate.swift in Sources */ = {isa = PBXBuildFile; fileRef = 12A3EDC4289158BD0091A5BB /* AppDelegate.swift */; };
		12A3EDC7289158BD0091A5BB /* SceneDelegate.swift in Sources */ = {isa = PBXBuildFile; fileRef = 12A3EDC6289158BD0091A5BB /* SceneDelegate.swift */; };
		12A3EDC9289158BD0091A5BB /* PersonsListViewController.swift in Sources */ = {isa = PBXBuildFile; fileRef = 12A3EDC8289158BD0091A5BB /* PersonsListViewController.swift */; };
		12A3EDCC289158BD0091A5BB /* PersonsListViewController.storyboard in Resources */ = {isa = PBXBuildFile; fileRef = 12A3EDCA289158BD0091A5BB /* PersonsListViewController.storyboard */; };
		12A3EDCE289158C20091A5BB /* Assets.xcassets in Resources */ = {isa = PBXBuildFile; fileRef = 12A3EDCD289158C20091A5BB /* Assets.xcassets */; };
		12A3EDD1289158C20091A5BB /* LaunchScreen.storyboard in Resources */ = {isa = PBXBuildFile; fileRef = 12A3EDCF289158C20091A5BB /* LaunchScreen.storyboard */; };
		12CD37F328916EE6007A5749 /* Person.swift in Sources */ = {isa = PBXBuildFile; fileRef = 12CD37F228916EE6007A5749 /* Person.swift */; };
		12CD37F62891762F007A5749 /* DataManager.swift in Sources */ = {isa = PBXBuildFile; fileRef = 12CD37F52891762F007A5749 /* DataManager.swift */; };
/* End PBXBuildFile section */

/* Begin PBXFileReference section */
		12A3EDC1289158BD0091A5BB /* PhoneBook.app */ = {isa = PBXFileReference; explicitFileType = wrapper.application; includeInIndex = 0; path = PhoneBook.app; sourceTree = BUILT_PRODUCTS_DIR; };
		12A3EDC4289158BD0091A5BB /* AppDelegate.swift */ = {isa = PBXFileReference; lastKnownFileType = sourcecode.swift; path = AppDelegate.swift; sourceTree = "<group>"; };
		12A3EDC6289158BD0091A5BB /* SceneDelegate.swift */ = {isa = PBXFileReference; lastKnownFileType = sourcecode.swift; path = SceneDelegate.swift; sourceTree = "<group>"; };
		12A3EDC8289158BD0091A5BB /* PersonsListViewController.swift */ = {isa = PBXFileReference; lastKnownFileType = sourcecode.swift; path = PersonsListViewController.swift; sourceTree = "<group>"; };
		12A3EDCB289158BD0091A5BB /* Base */ = {isa = PBXFileReference; lastKnownFileType = file.storyboard; name = Base; path = Base.lproj/PersonsListViewController.storyboard; sourceTree = "<group>"; };
		12A3EDCD289158C20091A5BB /* Assets.xcassets */ = {isa = PBXFileReference; lastKnownFileType = folder.assetcatalog; path = Assets.xcassets; sourceTree = "<group>"; };
		12A3EDD0289158C20091A5BB /* Base */ = {isa = PBXFileReference; lastKnownFileType = file.storyboard; name = Base; path = Base.lproj/LaunchScreen.storyboard; sourceTree = "<group>"; };
		12A3EDD2289158C20091A5BB /* Info.plist */ = {isa = PBXFileReference; lastKnownFileType = text.plist.xml; path = Info.plist; sourceTree = "<group>"; };
		12CD37F228916EE6007A5749 /* Person.swift */ = {isa = PBXFileReference; lastKnownFileType = sourcecode.swift; path = Person.swift; sourceTree = "<group>"; };
		12CD37F52891762F007A5749 /* DataManager.swift */ = {isa = PBXFileReference; lastKnownFileType = sourcecode.swift; path = DataManager.swift; sourceTree = "<group>"; };
/* End PBXFileReference section */

/* Begin PBXFrameworksBuildPhase section */
		12A3EDBE289158BD0091A5BB /* Frameworks */ = {
			isa = PBXFrameworksBuildPhase;
			buildActionMask = 2147483647;
			files = (
			);
			runOnlyForDeploymentPostprocessing = 0;
		};
/* End PBXFrameworksBuildPhase section */

/* Begin PBXGroup section */
		12A3EDB8289158BD0091A5BB = {
			isa = PBXGroup;
			children = (
				12A3EDC3289158BD0091A5BB /* PhoneBook */,
				12A3EDC2289158BD0091A5BB /* Products */,
			);
			sourceTree = "<group>";
		};
		12A3EDC2289158BD0091A5BB /* Products */ = {
			isa = PBXGroup;
			children = (
				12A3EDC1289158BD0091A5BB /* PhoneBook.app */,
			);
			name = Products;
			sourceTree = "<group>";
		};
		12A3EDC3289158BD0091A5BB /* PhoneBook */ = {
			isa = PBXGroup;
			children = (
				12CD37F4289175D9007A5749 /* Data */,
				12CD37F128916EC6007A5749 /* Models */,
				12A3EDD8289158E60091A5BB /* Supporting Files */,
				12CD37EF28915A94007A5749 /* Storyboards */,
				12CD37EE28915A66007A5749 /* Resources */,
				12CD37F028915A9F007A5749 /* ViewControllers */,
			);
			path = PhoneBook;
			sourceTree = "<group>";
		};
		12A3EDD8289158E60091A5BB /* Supporting Files */ = {
			isa = PBXGroup;
			children = (
				12A3EDC4289158BD0091A5BB /* AppDelegate.swift */,
				12A3EDC6289158BD0091A5BB /* SceneDelegate.swift */,
				12A3EDD2289158C20091A5BB /* Info.plist */,
			);
			path = "Supporting Files";
			sourceTree = "<group>";
		};
		12CD37EE28915A66007A5749 /* Resources */ = {
			isa = PBXGroup;
			children = (
				12A3EDCD289158C20091A5BB /* Assets.xcassets */,
			);
			path = Resources;
			sourceTree = "<group>";
		};
		12CD37EF28915A94007A5749 /* Storyboards */ = {
			isa = PBXGroup;
			children = (
				12A3EDCA289158BD0091A5BB /* PersonsListViewController.storyboard */,
				12A3EDCF289158C20091A5BB /* LaunchScreen.storyboard */,
			);
			path = Storyboards;
			sourceTree = "<group>";
		};
		12CD37F028915A9F007A5749 /* ViewControllers */ = {
			isa = PBXGroup;
			children = (
				12A3EDC8289158BD0091A5BB /* PersonsListViewController.swift */,
			);
			path = ViewControllers;
			sourceTree = "<group>";
		};
		12CD37F128916EC6007A5749 /* Models */ = {
			isa = PBXGroup;
			children = (
				12CD37F228916EE6007A5749 /* Person.swift */,
			);
			path = Models;
			sourceTree = "<group>";
		};
		12CD37F4289175D9007A5749 /* Data */ = {
			isa = PBXGroup;
			children = (
				12CD37F52891762F007A5749 /* DataManager.swift */,
			);
			path = Data;
			sourceTree = "<group>";
		};
/* End PBXGroup section */

/* Begin PBXNativeTarget section */
		12A3EDC0289158BD0091A5BB /* PhoneBook */ = {
			isa = PBXNativeTarget;
			buildConfigurationList = 12A3EDD5289158C20091A5BB /* Build configuration list for PBXNativeTarget "PhoneBook" */;
			buildPhases = (
				12A3EDBD289158BD0091A5BB /* Sources */,
				12A3EDBE289158BD0091A5BB /* Frameworks */,
				12A3EDBF289158BD0091A5BB /* Resources */,
			);
			buildRules = (
			);
			dependencies = (
			);
			name = PhoneBook;
			productName = PhoneBook;
			productReference = 12A3EDC1289158BD0091A5BB /* PhoneBook.app */;
			productType = "com.apple.product-type.application";
		};
/* End PBXNativeTarget section */

/* Begin PBXProject section */
		12A3EDB9289158BD0091A5BB /* Project object */ = {
			isa = PBXProject;
			attributes = {
				BuildIndependentTargetsInParallel = 1;
				LastSwiftUpdateCheck = 1320;
				LastUpgradeCheck = 1320;
				TargetAttributes = {
					12A3EDC0289158BD0091A5BB = {
						CreatedOnToolsVersion = 13.2.1;
					};
				};
			};
			buildConfigurationList = 12A3EDBC289158BD0091A5BB /* Build configuration list for PBXProject "PhoneBook" */;
			compatibilityVersion = "Xcode 13.0";
			developmentRegion = en;
			hasScannedForEncodings = 0;
			knownRegions = (
				en,
				Base,
			);
			mainGroup = 12A3EDB8289158BD0091A5BB;
			productRefGroup = 12A3EDC2289158BD0091A5BB /* Products */;
			projectDirPath = "";
			projectRoot = "";
			targets = (
				12A3EDC0289158BD0091A5BB /* PhoneBook */,
			);
		};
/* End PBXProject section */

/* Begin PBXResourcesBuildPhase section */
		12A3EDBF289158BD0091A5BB /* Resources */ = {
			isa = PBXResourcesBuildPhase;
			buildActionMask = 2147483647;
			files = (
				12A3EDD1289158C20091A5BB /* LaunchScreen.storyboard in Resources */,
				12A3EDCE289158C20091A5BB /* Assets.xcassets in Resources */,
				12A3EDCC289158BD0091A5BB /* PersonsListViewController.storyboard in Resources */,
			);
			runOnlyForDeploymentPostprocessing = 0;
		};
/* End PBXResourcesBuildPhase section */

/* Begin PBXSourcesBuildPhase section */
		12A3EDBD289158BD0091A5BB /* Sources */ = {
			isa = PBXSourcesBuildPhase;
			buildActionMask = 2147483647;
			files = (
				12A3EDC9289158BD0091A5BB /* PersonsListViewController.swift in Sources */,
				12CD37F62891762F007A5749 /* DataManager.swift in Sources */,
				12A3EDC5289158BD0091A5BB /* AppDelegate.swift in Sources */,
				12CD37F328916EE6007A5749 /* Person.swift in Sources */,
				12A3EDC7289158BD0091A5BB /* SceneDelegate.swift in Sources */,
			);
			runOnlyForDeploymentPostprocessing = 0;
		};
/* End PBXSourcesBuildPhase section */

/* Begin PBXVariantGroup section */
		12A3EDCA289158BD0091A5BB /* PersonsListViewController.storyboard */ = {
			isa = PBXVariantGroup;
			children = (
				12A3EDCB289158BD0091A5BB /* Base */,
			);
			name = PersonsListViewController.storyboard;
			sourceTree = "<group>";
		};
		12A3EDCF289158C20091A5BB /* LaunchScreen.storyboard */ = {
			isa = PBXVariantGroup;
			children = (
				12A3EDD0289158C20091A5BB /* Base */,
			);
			name = LaunchScreen.storyboard;
			sourceTree = "<group>";
		};
/* End PBXVariantGroup section */

/* Begin XCBuildConfiguration section */
		12A3EDD3289158C20091A5BB /* Debug */ = {
			isa = XCBuildConfiguration;
			buildSettings = {
				ALWAYS_SEARCH_USER_PATHS = NO;
				CLANG_ANALYZER_NONNULL = YES;
				CLANG_ANALYZER_NUMBER_OBJECT_CONVERSION = YES_AGGRESSIVE;
				CLANG_CXX_LANGUAGE_STANDARD = "gnu++17";
				CLANG_CXX_LIBRARY = "libc++";
				CLANG_ENABLE_MODULES = YES;
				CLANG_ENABLE_OBJC_ARC = YES;
				CLANG_ENABLE_OBJC_WEAK = YES;
				CLANG_WARN_BLOCK_CAPTURE_AUTORELEASING = YES;
				CLANG_WARN_BOOL_CONVERSION = YES;
				CLANG_WARN_COMMA = YES;
				CLANG_WARN_CONSTANT_CONVERSION = YES;
				CLANG_WARN_DEPRECATED_OBJC_IMPLEMENTATIONS = YES;
				CLANG_WARN_DIRECT_OBJC_ISA_USAGE = YES_ERROR;
				CLANG_WARN_DOCUMENTATION_COMMENTS = YES;
				CLANG_WARN_EMPTY_BODY = YES;
				CLANG_WARN_ENUM_CONVERSION = YES;
				CLANG_WARN_INFINITE_RECURSION = YES;
				CLANG_WARN_INT_CONVERSION = YES;
				CLANG_WARN_NON_LITERAL_NULL_CONVERSION = YES;
				CLANG_WARN_OBJC_IMPLICIT_RETAIN_SELF = YES;
				CLANG_WARN_OBJC_LITERAL_CONVERSION = YES;
				CLANG_WARN_OBJC_ROOT_CLASS = YES_ERROR;
				CLANG_WARN_QUOTED_INCLUDE_IN_FRAMEWORK_HEADER = YES;
				CLANG_WARN_RANGE_LOOP_ANALYSIS = YES;
				CLANG_WARN_STRICT_PROTOTYPES = YES;
				CLANG_WARN_SUSPICIOUS_MOVE = YES;
				CLANG_WARN_UNGUARDED_AVAILABILITY = YES_AGGRESSIVE;
				CLANG_WARN_UNREACHABLE_CODE = YES;
				CLANG_WARN__DUPLICATE_METHOD_MATCH = YES;
				COPY_PHASE_STRIP = NO;
				DEBUG_INFORMATION_FORMAT = dwarf;
				ENABLE_STRICT_OBJC_MSGSEND = YES;
				ENABLE_TESTABILITY = YES;
				GCC_C_LANGUAGE_STANDARD = gnu11;
				GCC_DYNAMIC_NO_PIC = NO;
				GCC_NO_COMMON_BLOCKS = YES;
				GCC_OPTIMIZATION_LEVEL = 0;
				GCC_PREPROCESSOR_DEFINITIONS = (
					"DEBUG=1",
					"$(inherited)",
				);
				GCC_WARN_64_TO_32_BIT_CONVERSION = YES;
				GCC_WARN_ABOUT_RETURN_TYPE = YES_ERROR;
				GCC_WARN_UNDECLARED_SELECTOR = YES;
				GCC_WARN_UNINITIALIZED_AUTOS = YES_AGGRESSIVE;
				GCC_WARN_UNUSED_FUNCTION = YES;
				GCC_WARN_UNUSED_VARIABLE = YES;
				IPHONEOS_DEPLOYMENT_TARGET = 15.2;
				MTL_ENABLE_DEBUG_INFO = INCLUDE_SOURCE;
				MTL_FAST_MATH = YES;
				ONLY_ACTIVE_ARCH = YES;
				SDKROOT = iphoneos;
				SWIFT_ACTIVE_COMPILATION_CONDITIONS = DEBUG;
				SWIFT_OPTIMIZATION_LEVEL = "-Onone";
			};
			name = Debug;
		};
		12A3EDD4289158C20091A5BB /* Release */ = {
			isa = XCBuildConfiguration;
			buildSettings = {
				ALWAYS_SEARCH_USER_PATHS = NO;
				CLANG_ANALYZER_NONNULL = YES;
				CLANG_ANALYZER_NUMBER_OBJECT_CONVERSION = YES_AGGRESSIVE;
				CLANG_CXX_LANGUAGE_STANDARD = "gnu++17";
				CLANG_CXX_LIBRARY = "libc++";
				CLANG_ENABLE_MODULES = YES;
				CLANG_ENABLE_OBJC_ARC = YES;
				CLANG_ENABLE_OBJC_WEAK = YES;
				CLANG_WARN_BLOCK_CAPTURE_AUTORELEASING = YES;
				CLANG_WARN_BOOL_CONVERSION = YES;
				CLANG_WARN_COMMA = YES;
				CLANG_WARN_CONSTANT_CONVERSION = YES;
				CLANG_WARN_DEPRECATED_OBJC_IMPLEMENTATIONS = YES;
				CLANG_WARN_DIRECT_OBJC_ISA_USAGE = YES_ERROR;
				CLANG_WARN_DOCUMENTATION_COMMENTS = YES;
				CLANG_WARN_EMPTY_BODY = YES;
				CLANG_WARN_ENUM_CONVERSION = YES;
				CLANG_WARN_INFINITE_RECURSION = YES;
				CLANG_WARN_INT_CONVERSION = YES;
				CLANG_WARN_NON_LITERAL_NULL_CONVERSION = YES;
				CLANG_WARN_OBJC_IMPLICIT_RETAIN_SELF = YES;
				CLANG_WARN_OBJC_LITERAL_CONVERSION = YES;
				CLANG_WARN_OBJC_ROOT_CLASS = YES_ERROR;
				CLANG_WARN_QUOTED_INCLUDE_IN_FRAMEWORK_HEADER = YES;
				CLANG_WARN_RANGE_LOOP_ANALYSIS = YES;
				CLANG_WARN_STRICT_PROTOTYPES = YES;
				CLANG_WARN_SUSPICIOUS_MOVE = YES;
				CLANG_WARN_UNGUARDED_AVAILABILITY = YES_AGGRESSIVE;
				CLANG_WARN_UNREACHABLE_CODE = YES;
				CLANG_WARN__DUPLICATE_METHOD_MATCH = YES;
				COPY_PHASE_STRIP = NO;
				DEBUG_INFORMATION_FORMAT = "dwarf-with-dsym";
				ENABLE_NS_ASSERTIONS = NO;
				ENABLE_STRICT_OBJC_MSGSEND = YES;
				GCC_C_LANGUAGE_STANDARD = gnu11;
				GCC_NO_COMMON_BLOCKS = YES;
				GCC_WARN_64_TO_32_BIT_CONVERSION = YES;
				GCC_WARN_ABOUT_RETURN_TYPE = YES_ERROR;
				GCC_WARN_UNDECLARED_SELECTOR = YES;
				GCC_WARN_UNINITIALIZED_AUTOS = YES_AGGRESSIVE;
				GCC_WARN_UNUSED_FUNCTION = YES;
				GCC_WARN_UNUSED_VARIABLE = YES;
				IPHONEOS_DEPLOYMENT_TARGET = 15.2;
				MTL_ENABLE_DEBUG_INFO = NO;
				MTL_FAST_MATH = YES;
				SDKROOT = iphoneos;
				SWIFT_COMPILATION_MODE = wholemodule;
				SWIFT_OPTIMIZATION_LEVEL = "-O";
				VALIDATE_PRODUCT = YES;
			};
			name = Release;
		};
		12A3EDD6289158C20091A5BB /* Debug */ = {
			isa = XCBuildConfiguration;
			buildSettings = {
				ASSETCATALOG_COMPILER_APPICON_NAME = AppIcon;
				ASSETCATALOG_COMPILER_GLOBAL_ACCENT_COLOR_NAME = AccentColor;
				CODE_SIGN_STYLE = Automatic;
				CURRENT_PROJECT_VERSION = 1;
				GENERATE_INFOPLIST_FILE = YES;
				INFOPLIST_FILE = "PhoneBook/Supporting Files/Info.plist";
				INFOPLIST_KEY_UIApplicationSupportsIndirectInputEvents = YES;
				INFOPLIST_KEY_UILaunchStoryboardName = LaunchScreen;
				INFOPLIST_KEY_UIMainStoryboardFile = PersonsListViewController;
				INFOPLIST_KEY_UISupportedInterfaceOrientations_iPad = "UIInterfaceOrientationPortrait UIInterfaceOrientationPortraitUpsideDown UIInterfaceOrientationLandscapeLeft UIInterfaceOrientationLandscapeRight";
				INFOPLIST_KEY_UISupportedInterfaceOrientations_iPhone = "UIInterfaceOrientationPortrait UIInterfaceOrientationLandscapeLeft UIInterfaceOrientationLandscapeRight";
				LD_RUNPATH_SEARCH_PATHS = (
					"$(inherited)",
					"@executable_path/Frameworks",
				);
				MARKETING_VERSION = 1.0;
				PRODUCT_BUNDLE_IDENTIFIER = test.PhoneBook;
				PRODUCT_NAME = "$(TARGET_NAME)";
				SWIFT_EMIT_LOC_STRINGS = YES;
				SWIFT_VERSION = 5.0;
				TARGETED_DEVICE_FAMILY = "1,2";
			};
			name = Debug;
		};
		12A3EDD7289158C20091A5BB /* Release */ = {
			isa = XCBuildConfiguration;
			buildSettings = {
				ASSETCATALOG_COMPILER_APPICON_NAME = AppIcon;
				ASSETCATALOG_COMPILER_GLOBAL_ACCENT_COLOR_NAME = AccentColor;
				CODE_SIGN_STYLE = Automatic;
				CURRENT_PROJECT_VERSION = 1;
				GENERATE_INFOPLIST_FILE = YES;
				INFOPLIST_FILE = "PhoneBook/Supporting Files/Info.plist";
				INFOPLIST_KEY_UIApplicationSupportsIndirectInputEvents = YES;
				INFOPLIST_KEY_UILaunchStoryboardName = LaunchScreen;
				INFOPLIST_KEY_UIMainStoryboardFile = PersonsListViewController;
				INFOPLIST_KEY_UISupportedInterfaceOrientations_iPad = "UIInterfaceOrientationPortrait UIInterfaceOrientationPortraitUpsideDown UIInterfaceOrientationLandscapeLeft UIInterfaceOrientationLandscapeRight";
				INFOPLIST_KEY_UISupportedInterfaceOrientations_iPhone = "UIInterfaceOrientationPortrait UIInterfaceOrientationLandscapeLeft UIInterfaceOrientationLandscapeRight";
				LD_RUNPATH_SEARCH_PATHS = (
					"$(inherited)",
					"@executable_path/Frameworks",
				);
				MARKETING_VERSION = 1.0;
				PRODUCT_BUNDLE_IDENTIFIER = test.PhoneBook;
				PRODUCT_NAME = "$(TARGET_NAME)";
				SWIFT_EMIT_LOC_STRINGS = YES;
				SWIFT_VERSION = 5.0;
				TARGETED_DEVICE_FAMILY = "1,2";
			};
			name = Release;
		};
/* End XCBuildConfiguration section */

/* Begin XCConfigurationList section */
		12A3EDBC289158BD0091A5BB /* Build configuration list for PBXProject "PhoneBook" */ = {
			isa = XCConfigurationList;
			buildConfigurations = (
				12A3EDD3289158C20091A5BB /* Debug */,
				12A3EDD4289158C20091A5BB /* Release */,
			);
			defaultConfigurationIsVisible = 0;
			defaultConfigurationName = Release;
		};
		12A3EDD5289158C20091A5BB /* Build configuration list for PBXNativeTarget "PhoneBook" */ = {
			isa = XCConfigurationList;
			buildConfigurations = (
				12A3EDD6289158C20091A5BB /* Debug */,
				12A3EDD7289158C20091A5BB /* Release */,
			);
			defaultConfigurationIsVisible = 0;
			defaultConfigurationName = Release;
		};
/* End XCConfigurationList section */
	};
	rootObject = 12A3EDB9289158BD0091A5BB /* Project object */;
}
